
Microsoft Visual Studio Solution File, Format Version 12.00
# Visual Studio Version 17
VisualStudioVersion = 17.7.34031.279
MinimumVisualStudioVersion = 10.0.40219.1
Project("{FAE04EC0-301F-11D3-BF4B-00C04F79EFBC}") = "Tripple P", "Tripple P\Tripple P.csproj", "{5A56ECF1-B0C0-4CE9-9AEC-5610948FE02E}"
EndProject
Global
	GlobalSection(SolutionConfigurationPlatforms) = preSolution
		Debug|Any CPU = Debug|Any CPU
		Release|Any CPU = Release|Any CPU
	EndGlobalSection
	GlobalSection(ProjectConfigurationPlatforms) = postSolution
		{5A56ECF1-B0C0-4CE9-9AEC-5610948FE02E}.Debug|Any CPU.ActiveCfg = Debug|Any CPU
		{5A56ECF1-B0C0-4CE9-9AEC-5610948FE02E}.Debug|Any CPU.Build.0 = Debug|Any CPU
		{5A56ECF1-B0C0-4CE9-9AEC-5610948FE02E}.Release|Any CPU.ActiveCfg = Release|Any CPU
		{5A56ECF1-B0C0-4CE9-9AEC-5610948FE02E}.Release|Any CPU.Build.0 = Release|Any CPU
	EndGlobalSection
	GlobalSection(SolutionProperties) = preSolution
		HideSolutionNode = FALSE
	EndGlobalSection
	GlobalSection(ExtensibilityGlobals) = postSolution
		SolutionGuid = {AA79A716-501B-4D60-BC38-190E0FD0EA52}
	EndGlobalSection
EndGlobal
